
Microsoft Visual Studio Solution File, Format Version 12.00
# Visual Studio Version 16
VisualStudioVersion = 16.0.31515.178
MinimumVisualStudioVersion = 10.0.40219.1
Project("{FAE04EC0-301F-11D3-BF4B-00C04F79EFBC}") = "WindowsFormsSandwichStore", "WindowsFormsSandwichStore\WindowsFormsSandwichStore.csproj", "{8A70D8F4-7F89-4528-9AB6-82E2542DFA80}"
EndProject
Project("{FAE04EC0-301F-11D3-BF4B-00C04F79EFBC}") = "EventDelegates", "EventDelegates\EventDelegates.csproj", "{826D66C5-3E84-4A78-A4B9-80C5B2D6FD3A}"
EndProject
Project("{FAE04EC0-301F-11D3-BF4B-00C04F79EFBC}") = "OrderNotifications", "OrderNotifications\OrderNotifications.csproj", "{63002098-9A3B-4878-AEA1-164F53EF1D4E}"
EndProject
Global
	GlobalSection(SolutionConfigurationPlatforms) = preSolution
		Debug|Any CPU = Debug|Any CPU
		Release|Any CPU = Release|Any CPU
	EndGlobalSection
	GlobalSection(ProjectConfigurationPlatforms) = postSolution
		{8A70D8F4-7F89-4528-9AB6-82E2542DFA80}.Debug|Any CPU.ActiveCfg = Debug|Any CPU
		{8A70D8F4-7F89-4528-9AB6-82E2542DFA80}.Debug|Any CPU.Build.0 = Debug|Any CPU
		{8A70D8F4-7F89-4528-9AB6-82E2542DFA80}.Release|Any CPU.ActiveCfg = Release|Any CPU
		{8A70D8F4-7F89-4528-9AB6-82E2542DFA80}.Release|Any CPU.Build.0 = Release|Any CPU
		{826D66C5-3E84-4A78-A4B9-80C5B2D6FD3A}.Debug|Any CPU.ActiveCfg = Debug|Any CPU
		{826D66C5-3E84-4A78-A4B9-80C5B2D6FD3A}.Debug|Any CPU.Build.0 = Debug|Any CPU
		{826D66C5-3E84-4A78-A4B9-80C5B2D6FD3A}.Release|Any CPU.ActiveCfg = Release|Any CPU
		{826D66C5-3E84-4A78-A4B9-80C5B2D6FD3A}.Release|Any CPU.Build.0 = Release|Any CPU
		{63002098-9A3B-4878-AEA1-164F53EF1D4E}.Debug|Any CPU.ActiveCfg = Debug|Any CPU
		{63002098-9A3B-4878-AEA1-164F53EF1D4E}.Debug|Any CPU.Build.0 = Debug|Any CPU
		{63002098-9A3B-4878-AEA1-164F53EF1D4E}.Release|Any CPU.ActiveCfg = Release|Any CPU
		{63002098-9A3B-4878-AEA1-164F53EF1D4E}.Release|Any CPU.Build.0 = Release|Any CPU
	EndGlobalSection
	GlobalSection(SolutionProperties) = preSolution
		HideSolutionNode = FALSE
	EndGlobalSection
	GlobalSection(ExtensibilityGlobals) = postSolution
		SolutionGuid = {47E06754-9A9C-4D2F-A4ED-AF89E659577C}
	EndGlobalSection
EndGlobal
