
Microsoft Visual Studio Solution File, Format Version 12.00
# Visual Studio Version 16
VisualStudioVersion = 16.0.31702.278
MinimumVisualStudioVersion = 10.0.40219.1
Project("{FAE04EC0-301F-11D3-BF4B-00C04F79EFBC}") = "RentalCarGui", "RentalCarGui.csproj", "{7CA04B55-3876-44C2-8AF3-A5016D0FAB01}"
EndProject
Global
	GlobalSection(SolutionConfigurationPlatforms) = preSolution
		Debug|Any CPU = Debug|Any CPU
		Release|Any CPU = Release|Any CPU
	EndGlobalSection
	GlobalSection(ProjectConfigurationPlatforms) = postSolution
		{7CA04B55-3876-44C2-8AF3-A5016D0FAB01}.Debug|Any CPU.ActiveCfg = Debug|Any CPU
		{7CA04B55-3876-44C2-8AF3-A5016D0FAB01}.Debug|Any CPU.Build.0 = Debug|Any CPU
		{7CA04B55-3876-44C2-8AF3-A5016D0FAB01}.Release|Any CPU.ActiveCfg = Release|Any CPU
		{7CA04B55-3876-44C2-8AF3-A5016D0FAB01}.Release|Any CPU.Build.0 = Release|Any CPU
	EndGlobalSection
	GlobalSection(SolutionProperties) = preSolution
		HideSolutionNode = FALSE
	EndGlobalSection
	GlobalSection(ExtensibilityGlobals) = postSolution
		SolutionGuid = {7F118D06-9D40-447A-B1CA-605B976C7504}
	EndGlobalSection
EndGlobal
