
Microsoft Visual Studio Solution File, Format Version 12.00
# Visual Studio Version 16
VisualStudioVersion = 16.0.31515.178
MinimumVisualStudioVersion = 10.0.40219.1
Project("{FAE04EC0-301F-11D3-BF4B-00C04F79EFBC}") = "MiniBank", "MiniBank\MiniBank.csproj", "{847B2158-F6C8-4BE8-ACC3-4779456F716B}"
EndProject
Global
	GlobalSection(SolutionConfigurationPlatforms) = preSolution
		Debug|Any CPU = Debug|Any CPU
		Release|Any CPU = Release|Any CPU
	EndGlobalSection
	GlobalSection(ProjectConfigurationPlatforms) = postSolution
		{847B2158-F6C8-4BE8-ACC3-4779456F716B}.Debug|Any CPU.ActiveCfg = Debug|Any CPU
		{847B2158-F6C8-4BE8-ACC3-4779456F716B}.Debug|Any CPU.Build.0 = Debug|Any CPU
		{847B2158-F6C8-4BE8-ACC3-4779456F716B}.Release|Any CPU.ActiveCfg = Release|Any CPU
		{847B2158-F6C8-4BE8-ACC3-4779456F716B}.Release|Any CPU.Build.0 = Release|Any CPU
	EndGlobalSection
	GlobalSection(SolutionProperties) = preSolution
		HideSolutionNode = FALSE
	EndGlobalSection
	GlobalSection(ExtensibilityGlobals) = postSolution
		SolutionGuid = {6D3FDD59-966E-4884-825C-65EADD83A7CF}
	EndGlobalSection
EndGlobal
